
Microsoft Visual Studio Solution File, Format Version 12.00
# Visual Studio 15
VisualStudioVersion = 15.0.27428.2043
MinimumVisualStudioVersion = 10.0.40219.1
Project("{FAE04EC0-301F-11D3-BF4B-00C04F79EFBC}") = "LibrosBiblicos", "LibrosBiblicos\LibrosBiblicos.csproj", "{BAC51347-AA4D-4C1A-B63A-62E25A4E1211}"
EndProject
Global
	GlobalSection(SolutionConfigurationPlatforms) = preSolution
		Debug|Any CPU = Debug|Any CPU
		Release|Any CPU = Release|Any CPU
	EndGlobalSection
	GlobalSection(ProjectConfigurationPlatforms) = postSolution
		{BAC51347-AA4D-4C1A-B63A-62E25A4E1211}.Debug|Any CPU.ActiveCfg = Debug|Any CPU
		{BAC51347-AA4D-4C1A-B63A-62E25A4E1211}.Debug|Any CPU.Build.0 = Debug|Any CPU
		{BAC51347-AA4D-4C1A-B63A-62E25A4E1211}.Release|Any CPU.ActiveCfg = Release|Any CPU
		{BAC51347-AA4D-4C1A-B63A-62E25A4E1211}.Release|Any CPU.Build.0 = Release|Any CPU
	EndGlobalSection
	GlobalSection(SolutionProperties) = preSolution
		HideSolutionNode = FALSE
	EndGlobalSection
	GlobalSection(ExtensibilityGlobals) = postSolution
		SolutionGuid = {7EA157ED-6CD1-4CC3-9AF0-CACA712725E3}
	EndGlobalSection
EndGlobal
